
Microsoft Visual Studio Solution File, Format Version 12.00
# Visual Studio Version 16
VisualStudioVersion = 16.0.30804.86
MinimumVisualStudioVersion = 15.0.26124.0
Project("{2150E333-8FDC-42A3-9474-1A3956D46DE8}") = "Client", "Client", "{3EC65098-2385-40AD-ABA2-C7BCDE76E4B4}"
EndProject
Project("{9A19103F-16F7-4668-BE54-9A1E7A4F7556}") = "WebPrintClient", "trunk\WebPrintClient\WebPrintClient.csproj", "{BB5A9C7B-CB47-4F34-87AE-25835267665D}"
EndProject
Project("{9A19103F-16F7-4668-BE54-9A1E7A4F7556}") = "Common.Print", "trunk\Common.Print\Common.Print.csproj", "{48C1F03F-B8FB-41C4-A6C3-DCB7B5753823}"
EndProject
Project("{54435603-DBB4-11D2-8724-00A0C9A8B90C}") = "WebPrintClient.Install", "trunk\WebPrintClient.Install\WebPrintClient.Install.vdproj", "{AD93C82A-3CD6-4A65-B1F1-95C9FA4F6A26}"
EndProject
Project("{FAE04EC0-301F-11D3-BF4B-00C04F79EFBC}") = "WebPrintClient.Test", "trunk\WebPrintClient.Test\WebPrintClient.Test.csproj", "{3BC675C0-2D7C-4B46-A71C-685739AEEFC8}"
EndProject
Project("{FAE04EC0-301F-11D3-BF4B-00C04F79EFBC}") = "WorkerService", "trunk\WorkerService\WorkerService.csproj", "{04113E1D-8CB5-4EB3-A5C9-3F4376664E91}"
EndProject
Project("{FAE04EC0-301F-11D3-BF4B-00C04F79EFBC}") = "WebPrintService", "trunk\WebPrintService\WebPrintService.csproj", "{1FC16964-65DA-4702-AB9D-7D56CCF3B977}"
EndProject
Global
	GlobalSection(SolutionConfigurationPlatforms) = preSolution
		Debug|Any CPU = Debug|Any CPU
		Release|Any CPU = Release|Any CPU
	EndGlobalSection
	GlobalSection(ProjectConfigurationPlatforms) = postSolution
		{BB5A9C7B-CB47-4F34-87AE-25835267665D}.Debug|Any CPU.ActiveCfg = Debug|Any CPU
		{BB5A9C7B-CB47-4F34-87AE-25835267665D}.Debug|Any CPU.Build.0 = Debug|Any CPU
		{BB5A9C7B-CB47-4F34-87AE-25835267665D}.Release|Any CPU.ActiveCfg = Release|Any CPU
		{BB5A9C7B-CB47-4F34-87AE-25835267665D}.Release|Any CPU.Build.0 = Release|Any CPU
		{48C1F03F-B8FB-41C4-A6C3-DCB7B5753823}.Debug|Any CPU.ActiveCfg = Debug|Any CPU
		{48C1F03F-B8FB-41C4-A6C3-DCB7B5753823}.Debug|Any CPU.Build.0 = Debug|Any CPU
		{48C1F03F-B8FB-41C4-A6C3-DCB7B5753823}.Release|Any CPU.ActiveCfg = Release|Any CPU
		{48C1F03F-B8FB-41C4-A6C3-DCB7B5753823}.Release|Any CPU.Build.0 = Release|Any CPU
		{AD93C82A-3CD6-4A65-B1F1-95C9FA4F6A26}.Debug|Any CPU.ActiveCfg = Debug
		{AD93C82A-3CD6-4A65-B1F1-95C9FA4F6A26}.Release|Any CPU.ActiveCfg = Release
		{3BC675C0-2D7C-4B46-A71C-685739AEEFC8}.Debug|Any CPU.ActiveCfg = Debug|Any CPU
		{3BC675C0-2D7C-4B46-A71C-685739AEEFC8}.Debug|Any CPU.Build.0 = Debug|Any CPU
		{3BC675C0-2D7C-4B46-A71C-685739AEEFC8}.Release|Any CPU.ActiveCfg = Release|Any CPU
		{3BC675C0-2D7C-4B46-A71C-685739AEEFC8}.Release|Any CPU.Build.0 = Release|Any CPU
		{04113E1D-8CB5-4EB3-A5C9-3F4376664E91}.Debug|Any CPU.ActiveCfg = Debug|Any CPU
		{04113E1D-8CB5-4EB3-A5C9-3F4376664E91}.Debug|Any CPU.Build.0 = Debug|Any CPU
		{04113E1D-8CB5-4EB3-A5C9-3F4376664E91}.Release|Any CPU.ActiveCfg = Release|Any CPU
		{04113E1D-8CB5-4EB3-A5C9-3F4376664E91}.Release|Any CPU.Build.0 = Release|Any CPU
		{1FC16964-65DA-4702-AB9D-7D56CCF3B977}.Debug|Any CPU.ActiveCfg = Debug|Any CPU
		{1FC16964-65DA-4702-AB9D-7D56CCF3B977}.Debug|Any CPU.Build.0 = Debug|Any CPU
		{1FC16964-65DA-4702-AB9D-7D56CCF3B977}.Release|Any CPU.ActiveCfg = Release|Any CPU
		{1FC16964-65DA-4702-AB9D-7D56CCF3B977}.Release|Any CPU.Build.0 = Release|Any CPU
	EndGlobalSection
	GlobalSection(SolutionProperties) = preSolution
		HideSolutionNode = FALSE
	EndGlobalSection
	GlobalSection(NestedProjects) = preSolution
		{BB5A9C7B-CB47-4F34-87AE-25835267665D} = {3EC65098-2385-40AD-ABA2-C7BCDE76E4B4}
	EndGlobalSection
	GlobalSection(ExtensibilityGlobals) = postSolution
		SolutionGuid = {487D7266-C9E4-4BFB-AF68-DCFF0A633B36}
	EndGlobalSection
EndGlobal
